
Microsoft Visual Studio Solution File, Format Version 11.00
# Visual Studio 2010
Project("{FAE04EC0-301F-11D3-BF4B-00C04F79EFBC}") = "Planetarium Plugin", "Planetarium Plugin\Planetarium Plugin.csproj", "{9A317F7F-56D6-481F-9007-3623B42555F0}"
	ProjectSection(ProjectDependencies) = postProject
		{D907E72B-819E-432B-864E-313FDB3BDABA} = {D907E72B-819E-432B-864E-313FDB3BDABA}
	EndProjectSection
EndProject
Project("{FAE04EC0-301F-11D3-BF4B-00C04F79EFBC}") = "DataAPI", "DataAPI\DataAPI.csproj", "{78A53FEC-1347-4488-98F2-461A12A9A6F1}"
	ProjectSection(ProjectDependencies) = postProject
		{D907E72B-819E-432B-864E-313FDB3BDABA} = {D907E72B-819E-432B-864E-313FDB3BDABA}
	EndProjectSection
EndProject
Project("{FAE04EC0-301F-11D3-BF4B-00C04F79EFBC}") = "Database", "Database\Database.csproj", "{D907E72B-819E-432B-864E-313FDB3BDABA}"
EndProject
Global
	GlobalSection(SolutionConfigurationPlatforms) = preSolution
		Debug|Any CPU = Debug|Any CPU
		Release|Any CPU = Release|Any CPU
	EndGlobalSection
	GlobalSection(ProjectConfigurationPlatforms) = postSolution
		{9A317F7F-56D6-481F-9007-3623B42555F0}.Debug|Any CPU.ActiveCfg = Debug|Any CPU
		{9A317F7F-56D6-481F-9007-3623B42555F0}.Debug|Any CPU.Build.0 = Debug|Any CPU
		{9A317F7F-56D6-481F-9007-3623B42555F0}.Release|Any CPU.ActiveCfg = Release|Any CPU
		{9A317F7F-56D6-481F-9007-3623B42555F0}.Release|Any CPU.Build.0 = Release|Any CPU
		{78A53FEC-1347-4488-98F2-461A12A9A6F1}.Debug|Any CPU.ActiveCfg = Debug|Any CPU
		{78A53FEC-1347-4488-98F2-461A12A9A6F1}.Debug|Any CPU.Build.0 = Debug|Any CPU
		{78A53FEC-1347-4488-98F2-461A12A9A6F1}.Release|Any CPU.ActiveCfg = Release|Any CPU
		{78A53FEC-1347-4488-98F2-461A12A9A6F1}.Release|Any CPU.Build.0 = Release|Any CPU
		{D907E72B-819E-432B-864E-313FDB3BDABA}.Debug|Any CPU.ActiveCfg = Debug|Any CPU
		{D907E72B-819E-432B-864E-313FDB3BDABA}.Debug|Any CPU.Build.0 = Debug|Any CPU
		{D907E72B-819E-432B-864E-313FDB3BDABA}.Release|Any CPU.ActiveCfg = Release|Any CPU
		{D907E72B-819E-432B-864E-313FDB3BDABA}.Release|Any CPU.Build.0 = Release|Any CPU
	EndGlobalSection
	GlobalSection(SolutionProperties) = preSolution
		HideSolutionNode = FALSE
	EndGlobalSection
EndGlobal
